// !$*UTF8*$!
{
	archiveVersion = 1;
	classes = {
	};
	objectVersion = 51;
	objects = {

/* Begin PBXBuildFile section */
		87FCC74EE86540BCA17326CC /* Pods_Nomad_Party.framework in Frameworks */ = {isa = PBXBuildFile; fileRef = D6DBC1FA78356F162F6CC0D6 /* Pods_Nomad_Party.framework */; };
		FA2AE60424D466450057E6F5 /* ProfileTableViewController.swift in Sources */ = {isa = PBXBuildFile; fileRef = FA2AE60324D466450057E6F5 /* ProfileTableViewController.swift */; };
		FA2AE60624D651F20057E6F5 /* UsersAroundViewController.swift in Sources */ = {isa = PBXBuildFile; fileRef = FA2AE60524D651F20057E6F5 /* UsersAroundViewController.swift */; };
		FA2AE60A24D660EE0057E6F5 /* UsersAroundCollectionViewCell.swift in Sources */ = {isa = PBXBuildFile; fileRef = FA2AE60924D660EE0057E6F5 /* UsersAroundCollectionViewCell.swift */; };
		FA3070AC24CFAFE200DCE399 /* ChatViewController.swift in Sources */ = {isa = PBXBuildFile; fileRef = FA3070AB24CFAFE200DCE399 /* ChatViewController.swift */; };
		FA3070AE24D075D500DCE399 /* MessageApi.swift in Sources */ = {isa = PBXBuildFile; fileRef = FA3070AD24D075D500DCE399 /* MessageApi.swift */; };
		FA3070B024D0DCBD00DCE399 /* Message.swift in Sources */ = {isa = PBXBuildFile; fileRef = FA3070AF24D0DCBD00DCE399 /* Message.swift */; };
		FA3070B224D0FEFC00DCE399 /* MessageTableViewCell.swift in Sources */ = {isa = PBXBuildFile; fileRef = FA3070B124D0FEFC00DCE399 /* MessageTableViewCell.swift */; };
		FA387DBF24D1DFEE00BF6DAC /* ChatViewController+Extension.swift in Sources */ = {isa = PBXBuildFile; fileRef = FA387DBE24D1DFEE00BF6DAC /* ChatViewController+Extension.swift */; };
		FA387DC124D1ECA300BF6DAC /* Inbox.swift in Sources */ = {isa = PBXBuildFile; fileRef = FA387DC024D1ECA300BF6DAC /* Inbox.swift */; };
		FA387DC324D2118B00BF6DAC /* InboxTableViewCell.swift in Sources */ = {isa = PBXBuildFile; fileRef = FA387DC224D2118B00BF6DAC /* InboxTableViewCell.swift */; };
		FA387DC524D2134B00BF6DAC /* InboxApi.swift in Sources */ = {isa = PBXBuildFile; fileRef = FA387DC424D2134B00BF6DAC /* InboxApi.swift */; };
		FA47A12B24CF5F110075FD95 /* AppDelegate.swift in Sources */ = {isa = PBXBuildFile; fileRef = FA47A12A24CF5F110075FD95 /* AppDelegate.swift */; };
		FA47A12F24CF5F110075FD95 /* ViewController.swift in Sources */ = {isa = PBXBuildFile; fileRef = FA47A12E24CF5F110075FD95 /* ViewController.swift */; };
		FA47A13424CF5F120075FD95 /* Assets.xcassets in Resources */ = {isa = PBXBuildFile; fileRef = FA47A13324CF5F120075FD95 /* Assets.xcassets */; };
		FA47A13724CF5F120075FD95 /* LaunchScreen.storyboard in Resources */ = {isa = PBXBuildFile; fileRef = FA47A13524CF5F120075FD95 /* LaunchScreen.storyboard */; };
		FA47A13F24CF60DF0075FD95 /* Welcome.storyboard in Resources */ = {isa = PBXBuildFile; fileRef = FA47A13E24CF60DF0075FD95 /* Welcome.storyboard */; };
		FA47A14C24CF62D10075FD95 /* ForgotPasswordViewController.swift in Sources */ = {isa = PBXBuildFile; fileRef = FA47A14024CF62D00075FD95 /* ForgotPasswordViewController.swift */; };
		FA47A14D24CF62D10075FD95 /* Ref.swift in Sources */ = {isa = PBXBuildFile; fileRef = FA47A14124CF62D00075FD95 /* Ref.swift */; };
		FA47A14E24CF62D10075FD95 /* Api.swift in Sources */ = {isa = PBXBuildFile; fileRef = FA47A14224CF62D00075FD95 /* Api.swift */; };
		FA47A14F24CF62D10075FD95 /* SignInViewController+UI.swift in Sources */ = {isa = PBXBuildFile; fileRef = FA47A14324CF62D00075FD95 /* SignInViewController+UI.swift */; };
		FA47A15024CF62D10075FD95 /* ForgotPasswordViewController+UI.swift in Sources */ = {isa = PBXBuildFile; fileRef = FA47A14424CF62D00075FD95 /* ForgotPasswordViewController+UI.swift */; };
		FA47A15124CF62D10075FD95 /* SignUpViewController.swift in Sources */ = {isa = PBXBuildFile; fileRef = FA47A14524CF62D10075FD95 /* SignUpViewController.swift */; };
		FA47A15224CF62D10075FD95 /* SignInViewController.swift in Sources */ = {isa = PBXBuildFile; fileRef = FA47A14624CF62D10075FD95 /* SignInViewController.swift */; };
		FA47A15324CF62D10075FD95 /* StorageService.swift in Sources */ = {isa = PBXBuildFile; fileRef = FA47A14724CF62D10075FD95 /* StorageService.swift */; };
		FA47A15424CF62D10075FD95 /* ViewController+UI.swift in Sources */ = {isa = PBXBuildFile; fileRef = FA47A14824CF62D10075FD95 /* ViewController+UI.swift */; };
		FA47A15524CF62D10075FD95 /* SignUpViewController+UI.swift in Sources */ = {isa = PBXBuildFile; fileRef = FA47A14924CF62D10075FD95 /* SignUpViewController+UI.swift */; };
		FA47A15624CF62D10075FD95 /* MessagesTableViewController.swift in Sources */ = {isa = PBXBuildFile; fileRef = FA47A14A24CF62D10075FD95 /* MessagesTableViewController.swift */; };
		FA47A15724CF62D10075FD95 /* UserApi.swift in Sources */ = {isa = PBXBuildFile; fileRef = FA47A14B24CF62D10075FD95 /* UserApi.swift */; };
		FA47A15924CF63870075FD95 /* GoogleService-Info.plist in Resources */ = {isa = PBXBuildFile; fileRef = FA47A15824CF63860075FD95 /* GoogleService-Info.plist */; };
		FA7036CB24D7A53E00522A15 /* MapViewController.swift in Sources */ = {isa = PBXBuildFile; fileRef = FA7036CA24D7A53E00522A15 /* MapViewController.swift */; };
		FA7036CD24D7B2FA00522A15 /* UserAnnotation.swift in Sources */ = {isa = PBXBuildFile; fileRef = FA7036CC24D7B2FA00522A15 /* UserAnnotation.swift */; };
		FAE778E924CF67FF002DEC97 /* PeopleTableViewController.swift in Sources */ = {isa = PBXBuildFile; fileRef = FAE778E824CF67FF002DEC97 /* PeopleTableViewController.swift */; };
		FAE778EB24CF6AE6002DEC97 /* UserTableViewCell.swift in Sources */ = {isa = PBXBuildFile; fileRef = FAE778EA24CF6AE6002DEC97 /* UserTableViewCell.swift */; };
		FAE778ED24CF8183002DEC97 /* User.swift in Sources */ = {isa = PBXBuildFile; fileRef = FAE778EC24CF8183002DEC97 /* User.swift */; };
		FAE778EF24CF945E002DEC97 /* Extension.swift in Sources */ = {isa = PBXBuildFile; fileRef = FAE778EE24CF945E002DEC97 /* Extension.swift */; };
/* End PBXBuildFile section */

/* Begin PBXFileReference section */
		4BEBF06A1E58FF2D78DAD79B /* Pods-Nomad-Party.debug.xcconfig */ = {isa = PBXFileReference; includeInIndex = 1; lastKnownFileType = text.xcconfig; name = "Pods-Nomad-Party.debug.xcconfig"; path = "Target Support Files/Pods-Nomad-Party/Pods-Nomad-Party.debug.xcconfig"; sourceTree = "<group>"; };
		85E58D83EEF7F6B06E81FFCA /* Pods-Nomad-Party.release.xcconfig */ = {isa = PBXFileReference; includeInIndex = 1; lastKnownFileType = text.xcconfig; name = "Pods-Nomad-Party.release.xcconfig"; path = "Target Support Files/Pods-Nomad-Party/Pods-Nomad-Party.release.xcconfig"; sourceTree = "<group>"; };
		D6DBC1FA78356F162F6CC0D6 /* Pods_Nomad_Party.framework */ = {isa = PBXFileReference; explicitFileType = wrapper.framework; includeInIndex = 0; path = Pods_Nomad_Party.framework; sourceTree = BUILT_PRODUCTS_DIR; };
		FA2AE60324D466450057E6F5 /* ProfileTableViewController.swift */ = {isa = PBXFileReference; lastKnownFileType = sourcecode.swift; path = ProfileTableViewController.swift; sourceTree = "<group>"; };
		FA2AE60524D651F20057E6F5 /* UsersAroundViewController.swift */ = {isa = PBXFileReference; lastKnownFileType = sourcecode.swift; path = UsersAroundViewController.swift; sourceTree = "<group>"; };
		FA2AE60924D660EE0057E6F5 /* UsersAroundCollectionViewCell.swift */ = {isa = PBXFileReference; lastKnownFileType = sourcecode.swift; path = UsersAroundCollectionViewCell.swift; sourceTree = "<group>"; };
		FA3070AB24CFAFE200DCE399 /* ChatViewController.swift */ = {isa = PBXFileReference; lastKnownFileType = sourcecode.swift; path = ChatViewController.swift; sourceTree = "<group>"; };
		FA3070AD24D075D500DCE399 /* MessageApi.swift */ = {isa = PBXFileReference; lastKnownFileType = sourcecode.swift; path = MessageApi.swift; sourceTree = "<group>"; };
		FA3070AF24D0DCBD00DCE399 /* Message.swift */ = {isa = PBXFileReference; lastKnownFileType = sourcecode.swift; path = Message.swift; sourceTree = "<group>"; };
		FA3070B124D0FEFC00DCE399 /* MessageTableViewCell.swift */ = {isa = PBXFileReference; lastKnownFileType = sourcecode.swift; path = MessageTableViewCell.swift; sourceTree = "<group>"; };
		FA387DBE24D1DFEE00BF6DAC /* ChatViewController+Extension.swift */ = {isa = PBXFileReference; lastKnownFileType = sourcecode.swift; path = "ChatViewController+Extension.swift"; sourceTree = "<group>"; };
		FA387DC024D1ECA300BF6DAC /* Inbox.swift */ = {isa = PBXFileReference; lastKnownFileType = sourcecode.swift; path = Inbox.swift; sourceTree = "<group>"; };
		FA387DC224D2118B00BF6DAC /* InboxTableViewCell.swift */ = {isa = PBXFileReference; lastKnownFileType = sourcecode.swift; path = InboxTableViewCell.swift; sourceTree = "<group>"; };
		FA387DC424D2134B00BF6DAC /* InboxApi.swift */ = {isa = PBXFileReference; lastKnownFileType = sourcecode.swift; path = InboxApi.swift; sourceTree = "<group>"; };
		FA47A12724CF5F110075FD95 /* Nomad-Party.app */ = {isa = PBXFileReference; explicitFileType = wrapper.application; includeInIndex = 0; path = "Nomad-Party.app"; sourceTree = BUILT_PRODUCTS_DIR; };
		FA47A12A24CF5F110075FD95 /* AppDelegate.swift */ = {isa = PBXFileReference; lastKnownFileType = sourcecode.swift; path = AppDelegate.swift; sourceTree = "<group>"; };
		FA47A12E24CF5F110075FD95 /* ViewController.swift */ = {isa = PBXFileReference; lastKnownFileType = sourcecode.swift; path = ViewController.swift; sourceTree = "<group>"; };
		FA47A13324CF5F120075FD95 /* Assets.xcassets */ = {isa = PBXFileReference; lastKnownFileType = folder.assetcatalog; path = Assets.xcassets; sourceTree = "<group>"; };
		FA47A13624CF5F120075FD95 /* Base */ = {isa = PBXFileReference; lastKnownFileType = file.storyboard; name = Base; path = Base.lproj/LaunchScreen.storyboard; sourceTree = "<group>"; };
		FA47A13824CF5F120075FD95 /* Info.plist */ = {isa = PBXFileReference; lastKnownFileType = text.plist.xml; path = Info.plist; sourceTree = "<group>"; };
		FA47A13E24CF60DF0075FD95 /* Welcome.storyboard */ = {isa = PBXFileReference; lastKnownFileType = file.storyboard; path = Welcome.storyboard; sourceTree = "<group>"; };
		FA47A14024CF62D00075FD95 /* ForgotPasswordViewController.swift */ = {isa = PBXFileReference; fileEncoding = 4; lastKnownFileType = sourcecode.swift; path = ForgotPasswordViewController.swift; sourceTree = "<group>"; };
		FA47A14124CF62D00075FD95 /* Ref.swift */ = {isa = PBXFileReference; fileEncoding = 4; lastKnownFileType = sourcecode.swift; path = Ref.swift; sourceTree = "<group>"; };
		FA47A14224CF62D00075FD95 /* Api.swift */ = {isa = PBXFileReference; fileEncoding = 4; lastKnownFileType = sourcecode.swift; path = Api.swift; sourceTree = "<group>"; };
		FA47A14324CF62D00075FD95 /* SignInViewController+UI.swift */ = {isa = PBXFileReference; fileEncoding = 4; lastKnownFileType = sourcecode.swift; path = "SignInViewController+UI.swift"; sourceTree = "<group>"; };
		FA47A14424CF62D00075FD95 /* ForgotPasswordViewController+UI.swift */ = {isa = PBXFileReference; fileEncoding = 4; lastKnownFileType = sourcecode.swift; path = "ForgotPasswordViewController+UI.swift"; sourceTree = "<group>"; };
		FA47A14524CF62D10075FD95 /* SignUpViewController.swift */ = {isa = PBXFileReference; fileEncoding = 4; lastKnownFileType = sourcecode.swift; path = SignUpViewController.swift; sourceTree = "<group>"; };
		FA47A14624CF62D10075FD95 /* SignInViewController.swift */ = {isa = PBXFileReference; fileEncoding = 4; lastKnownFileType = sourcecode.swift; path = SignInViewController.swift; sourceTree = "<group>"; };
		FA47A14724CF62D10075FD95 /* StorageService.swift */ = {isa = PBXFileReference; fileEncoding = 4; lastKnownFileType = sourcecode.swift; path = StorageService.swift; sourceTree = "<group>"; };
		FA47A14824CF62D10075FD95 /* ViewController+UI.swift */ = {isa = PBXFileReference; fileEncoding = 4; lastKnownFileType = sourcecode.swift; path = "ViewController+UI.swift"; sourceTree = "<group>"; };
		FA47A14924CF62D10075FD95 /* SignUpViewController+UI.swift */ = {isa = PBXFileReference; fileEncoding = 4; lastKnownFileType = sourcecode.swift; path = "SignUpViewController+UI.swift"; sourceTree = "<group>"; };
		FA47A14A24CF62D10075FD95 /* MessagesTableViewController.swift */ = {isa = PBXFileReference; fileEncoding = 4; lastKnownFileType = sourcecode.swift; path = MessagesTableViewController.swift; sourceTree = "<group>"; };
		FA47A14B24CF62D10075FD95 /* UserApi.swift */ = {isa = PBXFileReference; fileEncoding = 4; lastKnownFileType = sourcecode.swift; path = UserApi.swift; sourceTree = "<group>"; };
		FA47A15824CF63860075FD95 /* GoogleService-Info.plist */ = {isa = PBXFileReference; fileEncoding = 4; lastKnownFileType = text.plist.xml; path = "GoogleService-Info.plist"; sourceTree = "<group>"; };
		FA7036CA24D7A53E00522A15 /* MapViewController.swift */ = {isa = PBXFileReference; lastKnownFileType = sourcecode.swift; path = MapViewController.swift; sourceTree = "<group>"; };
		FA7036CC24D7B2FA00522A15 /* UserAnnotation.swift */ = {isa = PBXFileReference; lastKnownFileType = sourcecode.swift; path = UserAnnotation.swift; sourceTree = "<group>"; };
		FAE778E824CF67FF002DEC97 /* PeopleTableViewController.swift */ = {isa = PBXFileReference; lastKnownFileType = sourcecode.swift; path = PeopleTableViewController.swift; sourceTree = "<group>"; };
		FAE778EA24CF6AE6002DEC97 /* UserTableViewCell.swift */ = {isa = PBXFileReference; lastKnownFileType = sourcecode.swift; path = UserTableViewCell.swift; sourceTree = "<group>"; };
		FAE778EC24CF8183002DEC97 /* User.swift */ = {isa = PBXFileReference; lastKnownFileType = sourcecode.swift; path = User.swift; sourceTree = "<group>"; };
		FAE778EE24CF945E002DEC97 /* Extension.swift */ = {isa = PBXFileReference; lastKnownFileType = sourcecode.swift; path = Extension.swift; sourceTree = "<group>"; };
/* End PBXFileReference section */

/* Begin PBXFrameworksBuildPhase section */
		FA47A12424CF5F110075FD95 /* Frameworks */ = {
			isa = PBXFrameworksBuildPhase;
			buildActionMask = 2147483647;
			files = (
				87FCC74EE86540BCA17326CC /* Pods_Nomad_Party.framework in Frameworks */,
			);
			runOnlyForDeploymentPostprocessing = 0;
		};
/* End PBXFrameworksBuildPhase section */

/* Begin PBXGroup section */
		54885285D3431BFC094F8F88 /* Frameworks */ = {
			isa = PBXGroup;
			children = (
				D6DBC1FA78356F162F6CC0D6 /* Pods_Nomad_Party.framework */,
			);
			name = Frameworks;
			sourceTree = "<group>";
		};
		E0E337EF26849556554F0EC4 /* Pods */ = {
			isa = PBXGroup;
			children = (
				4BEBF06A1E58FF2D78DAD79B /* Pods-Nomad-Party.debug.xcconfig */,
				85E58D83EEF7F6B06E81FFCA /* Pods-Nomad-Party.release.xcconfig */,
			);
			path = Pods;
			sourceTree = "<group>";
		};
		FA47A11E24CF5F110075FD95 = {
			isa = PBXGroup;
			children = (
				FA47A12924CF5F110075FD95 /* Nomad-Party */,
				FA47A12824CF5F110075FD95 /* Products */,
				E0E337EF26849556554F0EC4 /* Pods */,
				54885285D3431BFC094F8F88 /* Frameworks */,
			);
			sourceTree = "<group>";
		};
		FA47A12824CF5F110075FD95 /* Products */ = {
			isa = PBXGroup;
			children = (
				FA47A12724CF5F110075FD95 /* Nomad-Party.app */,
			);
			name = Products;
			sourceTree = "<group>";
		};
		FA47A12924CF5F110075FD95 /* Nomad-Party */ = {
			isa = PBXGroup;
			children = (
				FA47A12A24CF5F110075FD95 /* AppDelegate.swift */,
				FA47A12E24CF5F110075FD95 /* ViewController.swift */,
				FA47A14824CF62D10075FD95 /* ViewController+UI.swift */,
				FA47A14224CF62D00075FD95 /* Api.swift */,
				FA387DC424D2134B00BF6DAC /* InboxApi.swift */,
				FA3070AD24D075D500DCE399 /* MessageApi.swift */,
				FA387DC024D1ECA300BF6DAC /* Inbox.swift */,
				FA47A14024CF62D00075FD95 /* ForgotPasswordViewController.swift */,
				FA47A14424CF62D00075FD95 /* ForgotPasswordViewController+UI.swift */,
				FA47A14A24CF62D10075FD95 /* MessagesTableViewController.swift */,
				FAE778E824CF67FF002DEC97 /* PeopleTableViewController.swift */,
				FA2AE60524D651F20057E6F5 /* UsersAroundViewController.swift */,
				FAE778EC24CF8183002DEC97 /* User.swift */,
				FA3070AF24D0DCBD00DCE399 /* Message.swift */,
				FAE778EA24CF6AE6002DEC97 /* UserTableViewCell.swift */,
				FAE778EE24CF945E002DEC97 /* Extension.swift */,
				FA47A14124CF62D00075FD95 /* Ref.swift */,
				FA47A14624CF62D10075FD95 /* SignInViewController.swift */,
				FA47A14324CF62D00075FD95 /* SignInViewController+UI.swift */,
				FA47A14524CF62D10075FD95 /* SignUpViewController.swift */,
				FA47A14924CF62D10075FD95 /* SignUpViewController+UI.swift */,
				FA47A14724CF62D10075FD95 /* StorageService.swift */,
				FA47A14B24CF62D10075FD95 /* UserApi.swift */,
				FA3070AB24CFAFE200DCE399 /* ChatViewController.swift */,
				FA387DBE24D1DFEE00BF6DAC /* ChatViewController+Extension.swift */,
				FA3070B124D0FEFC00DCE399 /* MessageTableViewCell.swift */,
				FA387DC224D2118B00BF6DAC /* InboxTableViewCell.swift */,
				FA2AE60324D466450057E6F5 /* ProfileTableViewController.swift */,
				FA2AE60924D660EE0057E6F5 /* UsersAroundCollectionViewCell.swift */,
				FA7036CA24D7A53E00522A15 /* MapViewController.swift */,
				FA7036CC24D7B2FA00522A15 /* UserAnnotation.swift */,
				FA47A13E24CF60DF0075FD95 /* Welcome.storyboard */,
				FA47A13324CF5F120075FD95 /* Assets.xcassets */,
				FA47A13524CF5F120075FD95 /* LaunchScreen.storyboard */,
				FA47A15824CF63860075FD95 /* GoogleService-Info.plist */,
				FA47A13824CF5F120075FD95 /* Info.plist */,
			);
			path = "Nomad-Party";
			sourceTree = "<group>";
		};
/* End PBXGroup section */

/* Begin PBXNativeTarget section */
		FA47A12624CF5F110075FD95 /* Nomad-Party */ = {
			isa = PBXNativeTarget;
			buildConfigurationList = FA47A13B24CF5F120075FD95 /* Build configuration list for PBXNativeTarget "Nomad-Party" */;
			buildPhases = (
				0AAD87A5ADCBB6AFF30CE960 /* [CP] Check Pods Manifest.lock */,
				FA47A12324CF5F110075FD95 /* Sources */,
				FA47A12424CF5F110075FD95 /* Frameworks */,
				FA47A12524CF5F110075FD95 /* Resources */,
				F67EFB80878333750CA9B85E /* [CP] Embed Pods Frameworks */,
				26929F3987A360B0449AABCC /* [CP] Copy Pods Resources */,
			);
			buildRules = (
			);
			dependencies = (
			);
			name = "Nomad-Party";
			productName = "Nomad-Party";
			productReference = FA47A12724CF5F110075FD95 /* Nomad-Party.app */;
			productType = "com.apple.product-type.application";
		};
/* End PBXNativeTarget section */

/* Begin PBXProject section */
		FA47A11F24CF5F110075FD95 /* Project object */ = {
			isa = PBXProject;
			attributes = {
				LastSwiftUpdateCheck = 1160;
				LastUpgradeCheck = 1160;
				ORGANIZATIONNAME = "Alex Gaskins";
				TargetAttributes = {
					FA47A12624CF5F110075FD95 = {
						CreatedOnToolsVersion = 11.6;
					};
				};
			};
			buildConfigurationList = FA47A12224CF5F110075FD95 /* Build configuration list for PBXProject "Nomad-Party" */;
			compatibilityVersion = "Xcode 9.3";
			developmentRegion = en;
			hasScannedForEncodings = 0;
			knownRegions = (
				en,
				Base,
			);
			mainGroup = FA47A11E24CF5F110075FD95;
			productRefGroup = FA47A12824CF5F110075FD95 /* Products */;
			projectDirPath = "";
			projectRoot = "";
			targets = (
				FA47A12624CF5F110075FD95 /* Nomad-Party */,
			);
		};
/* End PBXProject section */

/* Begin PBXResourcesBuildPhase section */
		FA47A12524CF5F110075FD95 /* Resources */ = {
			isa = PBXResourcesBuildPhase;
			buildActionMask = 2147483647;
			files = (
				FA47A13724CF5F120075FD95 /* LaunchScreen.storyboard in Resources */,
				FA47A13F24CF60DF0075FD95 /* Welcome.storyboard in Resources */,
				FA47A13424CF5F120075FD95 /* Assets.xcassets in Resources */,
				FA47A15924CF63870075FD95 /* GoogleService-Info.plist in Resources */,
			);
			runOnlyForDeploymentPostprocessing = 0;
		};
/* End PBXResourcesBuildPhase section */

/* Begin PBXShellScriptBuildPhase section */
		0AAD87A5ADCBB6AFF30CE960 /* [CP] Check Pods Manifest.lock */ = {
			isa = PBXShellScriptBuildPhase;
			buildActionMask = 2147483647;
			files = (
			);
			inputFileListPaths = (
			);
			inputPaths = (
				"${PODS_PODFILE_DIR_PATH}/Podfile.lock",
				"${PODS_ROOT}/Manifest.lock",
			);
			name = "[CP] Check Pods Manifest.lock";
			outputFileListPaths = (
			);
			outputPaths = (
				"$(DERIVED_FILE_DIR)/Pods-Nomad-Party-checkManifestLockResult.txt",
			);
			runOnlyForDeploymentPostprocessing = 0;
			shellPath = /bin/sh;
			shellScript = "diff \"${PODS_PODFILE_DIR_PATH}/Podfile.lock\" \"${PODS_ROOT}/Manifest.lock\" > /dev/null\nif [ $? != 0 ] ; then\n    # print error to STDERR\n    echo \"error: The sandbox is not in sync with the Podfile.lock. Run 'pod install' or update your CocoaPods installation.\" >&2\n    exit 1\nfi\n# This output is used by Xcode 'outputs' to avoid re-running this script phase.\necho \"SUCCESS\" > \"${SCRIPT_OUTPUT_FILE_0}\"\n";
			showEnvVarsInLog = 0;
		};
		26929F3987A360B0449AABCC /* [CP] Copy Pods Resources */ = {
			isa = PBXShellScriptBuildPhase;
			buildActionMask = 2147483647;
			files = (
			);
			inputFileListPaths = (
				"${PODS_ROOT}/Target Support Files/Pods-Nomad-Party/Pods-Nomad-Party-resources-${CONFIGURATION}-input-files.xcfilelist",
			);
			name = "[CP] Copy Pods Resources";
			outputFileListPaths = (
				"${PODS_ROOT}/Target Support Files/Pods-Nomad-Party/Pods-Nomad-Party-resources-${CONFIGURATION}-output-files.xcfilelist",
			);
			runOnlyForDeploymentPostprocessing = 0;
			shellPath = /bin/sh;
			shellScript = "\"${PODS_ROOT}/Target Support Files/Pods-Nomad-Party/Pods-Nomad-Party-resources.sh\"\n";
			showEnvVarsInLog = 0;
		};
		F67EFB80878333750CA9B85E /* [CP] Embed Pods Frameworks */ = {
			isa = PBXShellScriptBuildPhase;
			buildActionMask = 2147483647;
			files = (
			);
			inputFileListPaths = (
				"${PODS_ROOT}/Target Support Files/Pods-Nomad-Party/Pods-Nomad-Party-frameworks-${CONFIGURATION}-input-files.xcfilelist",
			);
			name = "[CP] Embed Pods Frameworks";
			outputFileListPaths = (
				"${PODS_ROOT}/Target Support Files/Pods-Nomad-Party/Pods-Nomad-Party-frameworks-${CONFIGURATION}-output-files.xcfilelist",
			);
			runOnlyForDeploymentPostprocessing = 0;
			shellPath = /bin/sh;
			shellScript = "\"${PODS_ROOT}/Target Support Files/Pods-Nomad-Party/Pods-Nomad-Party-frameworks.sh\"\n";
			showEnvVarsInLog = 0;
		};
/* End PBXShellScriptBuildPhase section */

/* Begin PBXSourcesBuildPhase section */
		FA47A12324CF5F110075FD95 /* Sources */ = {
			isa = PBXSourcesBuildPhase;
			buildActionMask = 2147483647;
			files = (
				FA47A15024CF62D10075FD95 /* ForgotPasswordViewController+UI.swift in Sources */,
				FA387DC524D2134B00BF6DAC /* InboxApi.swift in Sources */,
				FA47A14F24CF62D10075FD95 /* SignInViewController+UI.swift in Sources */,
				FA47A15124CF62D10075FD95 /* SignUpViewController.swift in Sources */,
				FA387DC324D2118B00BF6DAC /* InboxTableViewCell.swift in Sources */,
				FA47A12F24CF5F110075FD95 /* ViewController.swift in Sources */,
				FAE778EB24CF6AE6002DEC97 /* UserTableViewCell.swift in Sources */,
				FAE778E924CF67FF002DEC97 /* PeopleTableViewController.swift in Sources */,
				FA387DC124D1ECA300BF6DAC /* Inbox.swift in Sources */,
				FA2AE60424D466450057E6F5 /* ProfileTableViewController.swift in Sources */,
				FA3070B024D0DCBD00DCE399 /* Message.swift in Sources */,
				FA3070AE24D075D500DCE399 /* MessageApi.swift in Sources */,
				FA47A14D24CF62D10075FD95 /* Ref.swift in Sources */,
				FA7036CB24D7A53E00522A15 /* MapViewController.swift in Sources */,
				FA2AE60A24D660EE0057E6F5 /* UsersAroundCollectionViewCell.swift in Sources */,
				FAE778ED24CF8183002DEC97 /* User.swift in Sources */,
				FA7036CD24D7B2FA00522A15 /* UserAnnotation.swift in Sources */,
				FA47A15724CF62D10075FD95 /* UserApi.swift in Sources */,
				FAE778EF24CF945E002DEC97 /* Extension.swift in Sources */,
				FA47A15324CF62D10075FD95 /* StorageService.swift in Sources */,
				FA3070AC24CFAFE200DCE399 /* ChatViewController.swift in Sources */,
				FA47A15524CF62D10075FD95 /* SignUpViewController+UI.swift in Sources */,
				FA3070B224D0FEFC00DCE399 /* MessageTableViewCell.swift in Sources */,
				FA387DBF24D1DFEE00BF6DAC /* ChatViewController+Extension.swift in Sources */,
				FA47A15624CF62D10075FD95 /* MessagesTableViewController.swift in Sources */,
				FA47A15224CF62D10075FD95 /* SignInViewController.swift in Sources */,
				FA47A15424CF62D10075FD95 /* ViewController+UI.swift in Sources */,
				FA2AE60624D651F20057E6F5 /* UsersAroundViewController.swift in Sources */,
				FA47A12B24CF5F110075FD95 /* AppDelegate.swift in Sources */,
				FA47A14E24CF62D10075FD95 /* Api.swift in Sources */,
				FA47A14C24CF62D10075FD95 /* ForgotPasswordViewController.swift in Sources */,
			);
			runOnlyForDeploymentPostprocessing = 0;
		};
/* End PBXSourcesBuildPhase section */

/* Begin PBXVariantGroup section */
		FA47A13524CF5F120075FD95 /* LaunchScreen.storyboard */ = {
			isa = PBXVariantGroup;
			children = (
				FA47A13624CF5F120075FD95 /* Base */,
			);
			name = LaunchScreen.storyboard;
			sourceTree = "<group>";
		};
/* End PBXVariantGroup section */

/* Begin XCBuildConfiguration section */
		FA47A13924CF5F120075FD95 /* Debug */ = {
			isa = XCBuildConfiguration;
			buildSettings = {
				ALWAYS_SEARCH_USER_PATHS = NO;
				CLANG_ANALYZER_NONNULL = YES;
				CLANG_ANALYZER_NUMBER_OBJECT_CONVERSION = YES_AGGRESSIVE;
				CLANG_CXX_LANGUAGE_STANDARD = "gnu++14";
				CLANG_CXX_LIBRARY = "libc++";
				CLANG_ENABLE_MODULES = YES;
				CLANG_ENABLE_OBJC_ARC = YES;
				CLANG_ENABLE_OBJC_WEAK = YES;
				CLANG_WARN_BLOCK_CAPTURE_AUTORELEASING = YES;
				CLANG_WARN_BOOL_CONVERSION = YES;
				CLANG_WARN_COMMA = YES;
				CLANG_WARN_CONSTANT_CONVERSION = YES;
				CLANG_WARN_DEPRECATED_OBJC_IMPLEMENTATIONS = YES;
				CLANG_WARN_DIRECT_OBJC_ISA_USAGE = YES_ERROR;
				CLANG_WARN_DOCUMENTATION_COMMENTS = YES;
				CLANG_WARN_EMPTY_BODY = YES;
				CLANG_WARN_ENUM_CONVERSION = YES;
				CLANG_WARN_INFINITE_RECURSION = YES;
				CLANG_WARN_INT_CONVERSION = YES;
				CLANG_WARN_NON_LITERAL_NULL_CONVERSION = YES;
				CLANG_WARN_OBJC_IMPLICIT_RETAIN_SELF = YES;
				CLANG_WARN_OBJC_LITERAL_CONVERSION = YES;
				CLANG_WARN_OBJC_ROOT_CLASS = YES_ERROR;
				CLANG_WARN_RANGE_LOOP_ANALYSIS = YES;
				CLANG_WARN_STRICT_PROTOTYPES = YES;
				CLANG_WARN_SUSPICIOUS_MOVE = YES;
				CLANG_WARN_UNGUARDED_AVAILABILITY = YES_AGGRESSIVE;
				CLANG_WARN_UNREACHABLE_CODE = YES;
				CLANG_WARN__DUPLICATE_METHOD_MATCH = YES;
				COPY_PHASE_STRIP = NO;
				DEBUG_INFORMATION_FORMAT = dwarf;
				ENABLE_STRICT_OBJC_MSGSEND = YES;
				ENABLE_TESTABILITY = YES;
				GCC_C_LANGUAGE_STANDARD = gnu11;
				GCC_DYNAMIC_NO_PIC = NO;
				GCC_NO_COMMON_BLOCKS = YES;
				GCC_OPTIMIZATION_LEVEL = 0;
				GCC_PREPROCESSOR_DEFINITIONS = (
					"DEBUG=1",
					"$(inherited)",
				);
				GCC_WARN_64_TO_32_BIT_CONVERSION = YES;
				GCC_WARN_ABOUT_RETURN_TYPE = YES_ERROR;
				GCC_WARN_UNDECLARED_SELECTOR = YES;
				GCC_WARN_UNINITIALIZED_AUTOS = YES_AGGRESSIVE;
				GCC_WARN_UNUSED_FUNCTION = YES;
				GCC_WARN_UNUSED_VARIABLE = YES;
				IPHONEOS_DEPLOYMENT_TARGET = 13.6;
				MTL_ENABLE_DEBUG_INFO = INCLUDE_SOURCE;
				MTL_FAST_MATH = YES;
				ONLY_ACTIVE_ARCH = YES;
				SDKROOT = iphoneos;
				SWIFT_ACTIVE_COMPILATION_CONDITIONS = DEBUG;
				SWIFT_OPTIMIZATION_LEVEL = "-Onone";
			};
			name = Debug;
		};
		FA47A13A24CF5F120075FD95 /* Release */ = {
			isa = XCBuildConfiguration;
			buildSettings = {
				ALWAYS_SEARCH_USER_PATHS = NO;
				CLANG_ANALYZER_NONNULL = YES;
				CLANG_ANALYZER_NUMBER_OBJECT_CONVERSION = YES_AGGRESSIVE;
				CLANG_CXX_LANGUAGE_STANDARD = "gnu++14";
				CLANG_CXX_LIBRARY = "libc++";
				CLANG_ENABLE_MODULES = YES;
				CLANG_ENABLE_OBJC_ARC = YES;
				CLANG_ENABLE_OBJC_WEAK = YES;
				CLANG_WARN_BLOCK_CAPTURE_AUTORELEASING = YES;
				CLANG_WARN_BOOL_CONVERSION = YES;
				CLANG_WARN_COMMA = YES;
				CLANG_WARN_CONSTANT_CONVERSION = YES;
				CLANG_WARN_DEPRECATED_OBJC_IMPLEMENTATIONS = YES;
				CLANG_WARN_DIRECT_OBJC_ISA_USAGE = YES_ERROR;
				CLANG_WARN_DOCUMENTATION_COMMENTS = YES;
				CLANG_WARN_EMPTY_BODY = YES;
				CLANG_WARN_ENUM_CONVERSION = YES;
				CLANG_WARN_INFINITE_RECURSION = YES;
				CLANG_WARN_INT_CONVERSION = YES;
				CLANG_WARN_NON_LITERAL_NULL_CONVERSION = YES;
				CLANG_WARN_OBJC_IMPLICIT_RETAIN_SELF = YES;
				CLANG_WARN_OBJC_LITERAL_CONVERSION = YES;
				CLANG_WARN_OBJC_ROOT_CLASS = YES_ERROR;
				CLANG_WARN_RANGE_LOOP_ANALYSIS = YES;
				CLANG_WARN_STRICT_PROTOTYPES = YES;
				CLANG_WARN_SUSPICIOUS_MOVE = YES;
				CLANG_WARN_UNGUARDED_AVAILABILITY = YES_AGGRESSIVE;
				CLANG_WARN_UNREACHABLE_CODE = YES;
				CLANG_WARN__DUPLICATE_METHOD_MATCH = YES;
				COPY_PHASE_STRIP = NO;
				DEBUG_INFORMATION_FORMAT = "dwarf-with-dsym";
				ENABLE_NS_ASSERTIONS = NO;
				ENABLE_STRICT_OBJC_MSGSEND = YES;
				GCC_C_LANGUAGE_STANDARD = gnu11;
				GCC_NO_COMMON_BLOCKS = YES;
				GCC_WARN_64_TO_32_BIT_CONVERSION = YES;
				GCC_WARN_ABOUT_RETURN_TYPE = YES_ERROR;
				GCC_WARN_UNDECLARED_SELECTOR = YES;
				GCC_WARN_UNINITIALIZED_AUTOS = YES_AGGRESSIVE;
				GCC_WARN_UNUSED_FUNCTION = YES;
				GCC_WARN_UNUSED_VARIABLE = YES;
				IPHONEOS_DEPLOYMENT_TARGET = 13.6;
				MTL_ENABLE_DEBUG_INFO = NO;
				MTL_FAST_MATH = YES;
				SDKROOT = iphoneos;
				SWIFT_COMPILATION_MODE = wholemodule;
				SWIFT_OPTIMIZATION_LEVEL = "-O";
				VALIDATE_PRODUCT = YES;
			};
			name = Release;
		};
		FA47A13C24CF5F120075FD95 /* Debug */ = {
			isa = XCBuildConfiguration;
			baseConfigurationReference = 4BEBF06A1E58FF2D78DAD79B /* Pods-Nomad-Party.debug.xcconfig */;
			buildSettings = {
				ASSETCATALOG_COMPILER_APPICON_NAME = AppIcon;
				CODE_SIGN_STYLE = Automatic;
				DEVELOPMENT_TEAM = GSQA3A933N;
				INFOPLIST_FILE = "Nomad-Party/Info.plist";
				LD_RUNPATH_SEARCH_PATHS = (
					"$(inherited)",
					"@executable_path/Frameworks",
				);
				PRODUCT_BUNDLE_IDENTIFIER = "com.agaskins.Nomad-Party";
				PRODUCT_NAME = "$(TARGET_NAME)";
				SWIFT_VERSION = 5.0;
				TARGETED_DEVICE_FAMILY = "1,2";
			};
			name = Debug;
		};
		FA47A13D24CF5F120075FD95 /* Release */ = {
			isa = XCBuildConfiguration;
			baseConfigurationReference = 85E58D83EEF7F6B06E81FFCA /* Pods-Nomad-Party.release.xcconfig */;
			buildSettings = {
				ASSETCATALOG_COMPILER_APPICON_NAME = AppIcon;
				CODE_SIGN_STYLE = Automatic;
				DEVELOPMENT_TEAM = GSQA3A933N;
				INFOPLIST_FILE = "Nomad-Party/Info.plist";
				LD_RUNPATH_SEARCH_PATHS = (
					"$(inherited)",
					"@executable_path/Frameworks",
				);
				PRODUCT_BUNDLE_IDENTIFIER = "com.agaskins.Nomad-Party";
				PRODUCT_NAME = "$(TARGET_NAME)";
				SWIFT_VERSION = 5.0;
				TARGETED_DEVICE_FAMILY = "1,2";
			};
			name = Release;
		};
/* End XCBuildConfiguration section */

/* Begin XCConfigurationList section */
		FA47A12224CF5F110075FD95 /* Build configuration list for PBXProject "Nomad-Party" */ = {
			isa = XCConfigurationList;
			buildConfigurations = (
				FA47A13924CF5F120075FD95 /* Debug */,
				FA47A13A24CF5F120075FD95 /* Release */,
			);
			defaultConfigurationIsVisible = 0;
			defaultConfigurationName = Release;
		};
		FA47A13B24CF5F120075FD95 /* Build configuration list for PBXNativeTarget "Nomad-Party" */ = {
			isa = XCConfigurationList;
			buildConfigurations = (
				FA47A13C24CF5F120075FD95 /* Debug */,
				FA47A13D24CF5F120075FD95 /* Release */,
			);
			defaultConfigurationIsVisible = 0;
			defaultConfigurationName = Release;
		};
/* End XCConfigurationList section */
	};
	rootObject = FA47A11F24CF5F110075FD95 /* Project object */;
}
